
Microsoft Visual Studio Solution File, Format Version 12.00
# Visual Studio Version 16
VisualStudioVersion = 16.0.30204.135
MinimumVisualStudioVersion = 10.0.40219.1
Project("{FAE04EC0-301F-11D3-BF4B-00C04F79EFBC}") = "Backend", "Backend\Backend.csproj", "{5C74052C-FBE1-426B-B9C7-E20AECD20044}"
EndProject
Global
	GlobalSection(SolutionConfigurationPlatforms) = preSolution
		Debug|Any CPU = Debug|Any CPU
		Release|Any CPU = Release|Any CPU
	EndGlobalSection
	GlobalSection(ProjectConfigurationPlatforms) = postSolution
		{5C74052C-FBE1-426B-B9C7-E20AECD20044}.Debug|Any CPU.ActiveCfg = Debug|Any CPU
		{5C74052C-FBE1-426B-B9C7-E20AECD20044}.Debug|Any CPU.Build.0 = Debug|Any CPU
		{5C74052C-FBE1-426B-B9C7-E20AECD20044}.Release|Any CPU.ActiveCfg = Release|Any CPU
		{5C74052C-FBE1-426B-B9C7-E20AECD20044}.Release|Any CPU.Build.0 = Release|Any CPU
	EndGlobalSection
	GlobalSection(SolutionProperties) = preSolution
		HideSolutionNode = FALSE
	EndGlobalSection
	GlobalSection(ExtensibilityGlobals) = postSolution
		SolutionGuid = {1A137974-3AD3-4555-87C9-7E5D9D48B893}
	EndGlobalSection
EndGlobal
